// !$*UTF8*$!
{
	archiveVersion = 1;
	classes = {
	};
	objectVersion = 55;
	objects = {

/* Begin PBXBuildFile section */
		17CC8CD8283C626C008DD17B /* AppDelegate.swift in Sources */ = {isa = PBXBuildFile; fileRef = 17CC8CD7283C626C008DD17B /* AppDelegate.swift */; };
		17CC8CDA283C626C008DD17B /* SceneDelegate.swift in Sources */ = {isa = PBXBuildFile; fileRef = 17CC8CD9283C626C008DD17B /* SceneDelegate.swift */; };
		17CC8CDC283C626C008DD17B /* ViewController.swift in Sources */ = {isa = PBXBuildFile; fileRef = 17CC8CDB283C626C008DD17B /* ViewController.swift */; };
		17CC8CDF283C626C008DD17B /* Main.storyboard in Resources */ = {isa = PBXBuildFile; fileRef = 17CC8CDD283C626C008DD17B /* Main.storyboard */; };
		17CC8CE1283C626F008DD17B /* Assets.xcassets in Resources */ = {isa = PBXBuildFile; fileRef = 17CC8CE0283C626F008DD17B /* Assets.xcassets */; };
		17CC8CE4283C626F008DD17B /* LaunchScreen.storyboard in Resources */ = {isa = PBXBuildFile; fileRef = 17CC8CE2283C626F008DD17B /* LaunchScreen.storyboard */; };
		17CC8CEF283C626F008DD17B /* ChatMeTests.swift in Sources */ = {isa = PBXBuildFile; fileRef = 17CC8CEE283C626F008DD17B /* ChatMeTests.swift */; };
		17CC8CF9283C6270008DD17B /* ChatMeUITests.swift in Sources */ = {isa = PBXBuildFile; fileRef = 17CC8CF8283C6270008DD17B /* ChatMeUITests.swift */; };
		17CC8CFB283C6270008DD17B /* ChatMeUITestsLaunchTests.swift in Sources */ = {isa = PBXBuildFile; fileRef = 17CC8CFA283C6270008DD17B /* ChatMeUITestsLaunchTests.swift */; };
/* End PBXBuildFile section */

/* Begin PBXContainerItemProxy section */
		17CC8CEB283C626F008DD17B /* PBXContainerItemProxy */ = {
			isa = PBXContainerItemProxy;
			containerPortal = 17CC8CCC283C626C008DD17B /* Project object */;
			proxyType = 1;
			remoteGlobalIDString = 17CC8CD3283C626C008DD17B;
			remoteInfo = ChatMe;
		};
		17CC8CF5283C6270008DD17B /* PBXContainerItemProxy */ = {
			isa = PBXContainerItemProxy;
			containerPortal = 17CC8CCC283C626C008DD17B /* Project object */;
			proxyType = 1;
			remoteGlobalIDString = 17CC8CD3283C626C008DD17B;
			remoteInfo = ChatMe;
		};
/* End PBXContainerItemProxy section */

/* Begin PBXFileReference section */
		17CC8CD4283C626C008DD17B /* ChatMe.app */ = {isa = PBXFileReference; explicitFileType = wrapper.application; includeInIndex = 0; path = ChatMe.app; sourceTree = BUILT_PRODUCTS_DIR; };
		17CC8CD7283C626C008DD17B /* AppDelegate.swift */ = {isa = PBXFileReference; lastKnownFileType = sourcecode.swift; path = AppDelegate.swift; sourceTree = "<group>"; };
		17CC8CD9283C626C008DD17B /* SceneDelegate.swift */ = {isa = PBXFileReference; lastKnownFileType = sourcecode.swift; path = SceneDelegate.swift; sourceTree = "<group>"; };
		17CC8CDB283C626C008DD17B /* ViewController.swift */ = {isa = PBXFileReference; lastKnownFileType = sourcecode.swift; path = ViewController.swift; sourceTree = "<group>"; };
		17CC8CDE283C626C008DD17B /* Base */ = {isa = PBXFileReference; lastKnownFileType = file.storyboard; name = Base; path = Base.lproj/Main.storyboard; sourceTree = "<group>"; };
		17CC8CE0283C626F008DD17B /* Assets.xcassets */ = {isa = PBXFileReference; lastKnownFileType = folder.assetcatalog; path = Assets.xcassets; sourceTree = "<group>"; };
		17CC8CE3283C626F008DD17B /* Base */ = {isa = PBXFileReference; lastKnownFileType = file.storyboard; name = Base; path = Base.lproj/LaunchScreen.storyboard; sourceTree = "<group>"; };
		17CC8CE5283C626F008DD17B /* Info.plist */ = {isa = PBXFileReference; lastKnownFileType = text.plist.xml; path = Info.plist; sourceTree = "<group>"; };
		17CC8CEA283C626F008DD17B /* ChatMeTests.xctest */ = {isa = PBXFileReference; explicitFileType = wrapper.cfbundle; includeInIndex = 0; path = ChatMeTests.xctest; sourceTree = BUILT_PRODUCTS_DIR; };
		17CC8CEE283C626F008DD17B /* ChatMeTests.swift */ = {isa = PBXFileReference; lastKnownFileType = sourcecode.swift; path = ChatMeTests.swift; sourceTree = "<group>"; };
		17CC8CF4283C6270008DD17B /* ChatMeUITests.xctest */ = {isa = PBXFileReference; explicitFileType = wrapper.cfbundle; includeInIndex = 0; path = ChatMeUITests.xctest; sourceTree = BUILT_PRODUCTS_DIR; };
		17CC8CF8283C6270008DD17B /* ChatMeUITests.swift */ = {isa = PBXFileReference; lastKnownFileType = sourcecode.swift; path = ChatMeUITests.swift; sourceTree = "<group>"; };
		17CC8CFA283C6270008DD17B /* ChatMeUITestsLaunchTests.swift */ = {isa = PBXFileReference; lastKnownFileType = sourcecode.swift; path = ChatMeUITestsLaunchTests.swift; sourceTree = "<group>"; };
/* End PBXFileReference section */

/* Begin PBXFrameworksBuildPhase section */
		17CC8CD1283C626C008DD17B /* Frameworks */ = {
			isa = PBXFrameworksBuildPhase;
			buildActionMask = 2147483647;
			files = (
			);
			runOnlyForDeploymentPostprocessing = 0;
		};
		17CC8CE7283C626F008DD17B /* Frameworks */ = {
			isa = PBXFrameworksBuildPhase;
			buildActionMask = 2147483647;
			files = (
			);
			runOnlyForDeploymentPostprocessing = 0;
		};
		17CC8CF1283C6270008DD17B /* Frameworks */ = {
			isa = PBXFrameworksBuildPhase;
			buildActionMask = 2147483647;
			files = (
			);
			runOnlyForDeploymentPostprocessing = 0;
		};
/* End PBXFrameworksBuildPhase section */

/* Begin PBXGroup section */
		17CC8CCB283C626C008DD17B = {
			isa = PBXGroup;
			children = (
				17CC8CD6283C626C008DD17B /* ChatMe */,
				17CC8CED283C626F008DD17B /* ChatMeTests */,
				17CC8CF7283C6270008DD17B /* ChatMeUITests */,
				17CC8CD5283C626C008DD17B /* Products */,
			);
			sourceTree = "<group>";
		};
		17CC8CD5283C626C008DD17B /* Products */ = {
			isa = PBXGroup;
			children = (
				17CC8CD4283C626C008DD17B /* ChatMe.app */,
				17CC8CEA283C626F008DD17B /* ChatMeTests.xctest */,
				17CC8CF4283C6270008DD17B /* ChatMeUITests.xctest */,
			);
			name = Products;
			sourceTree = "<group>";
		};
		17CC8CD6283C626C008DD17B /* ChatMe */ = {
			isa = PBXGroup;
			children = (
				17CC8CD7283C626C008DD17B /* AppDelegate.swift */,
				17CC8CD9283C626C008DD17B /* SceneDelegate.swift */,
				17CC8CDB283C626C008DD17B /* ViewController.swift */,
				17CC8CDD283C626C008DD17B /* Main.storyboard */,
				17CC8CE0283C626F008DD17B /* Assets.xcassets */,
				17CC8CE2283C626F008DD17B /* LaunchScreen.storyboard */,
				17CC8CE5283C626F008DD17B /* Info.plist */,
			);
			path = ChatMe;
			sourceTree = "<group>";
		};
		17CC8CED283C626F008DD17B /* ChatMeTests */ = {
			isa = PBXGroup;
			children = (
				17CC8CEE283C626F008DD17B /* ChatMeTests.swift */,
			);
			path = ChatMeTests;
			sourceTree = "<group>";
		};
		17CC8CF7283C6270008DD17B /* ChatMeUITests */ = {
			isa = PBXGroup;
			children = (
				17CC8CF8283C6270008DD17B /* ChatMeUITests.swift */,
				17CC8CFA283C6270008DD17B /* ChatMeUITestsLaunchTests.swift */,
			);
			path = ChatMeUITests;
			sourceTree = "<group>";
		};
/* End PBXGroup section */

/* Begin PBXNativeTarget section */
		17CC8CD3283C626C008DD17B /* ChatMe */ = {
			isa = PBXNativeTarget;
			buildConfigurationList = 17CC8CFE283C6270008DD17B /* Build configuration list for PBXNativeTarget "ChatMe" */;
			buildPhases = (
				17CC8CD0283C626C008DD17B /* Sources */,
				17CC8CD1283C626C008DD17B /* Frameworks */,
				17CC8CD2283C626C008DD17B /* Resources */,
			);
			buildRules = (
			);
			dependencies = (
			);
			name = ChatMe;
			productName = ChatMe;
			productReference = 17CC8CD4283C626C008DD17B /* ChatMe.app */;
			productType = "com.apple.product-type.application";
		};
		17CC8CE9283C626F008DD17B /* ChatMeTests */ = {
			isa = PBXNativeTarget;
			buildConfigurationList = 17CC8D01283C6270008DD17B /* Build configuration list for PBXNativeTarget "ChatMeTests" */;
			buildPhases = (
				17CC8CE6283C626F008DD17B /* Sources */,
				17CC8CE7283C626F008DD17B /* Frameworks */,
				17CC8CE8283C626F008DD17B /* Resources */,
			);
			buildRules = (
			);
			dependencies = (
				17CC8CEC283C626F008DD17B /* PBXTargetDependency */,
			);
			name = ChatMeTests;
			productName = ChatMeTests;
			productReference = 17CC8CEA283C626F008DD17B /* ChatMeTests.xctest */;
			productType = "com.apple.product-type.bundle.unit-test";
		};
		17CC8CF3283C6270008DD17B /* ChatMeUITests */ = {
			isa = PBXNativeTarget;
			buildConfigurationList = 17CC8D04283C6270008DD17B /* Build configuration list for PBXNativeTarget "ChatMeUITests" */;
			buildPhases = (
				17CC8CF0283C6270008DD17B /* Sources */,
				17CC8CF1283C6270008DD17B /* Frameworks */,
				17CC8CF2283C6270008DD17B /* Resources */,
			);
			buildRules = (
			);
			dependencies = (
				17CC8CF6283C6270008DD17B /* PBXTargetDependency */,
			);
			name = ChatMeUITests;
			productName = ChatMeUITests;
			productReference = 17CC8CF4283C6270008DD17B /* ChatMeUITests.xctest */;
			productType = "com.apple.product-type.bundle.ui-testing";
		};
/* End PBXNativeTarget section */

/* Begin PBXProject section */
		17CC8CCC283C626C008DD17B /* Project object */ = {
			isa = PBXProject;
			attributes = {
				BuildIndependentTargetsInParallel = 1;
				LastSwiftUpdateCheck = 1320;
				LastUpgradeCheck = 1320;
				TargetAttributes = {
					17CC8CD3283C626C008DD17B = {
						CreatedOnToolsVersion = 13.2.1;
					};
					17CC8CE9283C626F008DD17B = {
						CreatedOnToolsVersion = 13.2.1;
						TestTargetID = 17CC8CD3283C626C008DD17B;
					};
					17CC8CF3283C6270008DD17B = {
						CreatedOnToolsVersion = 13.2.1;
						TestTargetID = 17CC8CD3283C626C008DD17B;
					};
				};
			};
			buildConfigurationList = 17CC8CCF283C626C008DD17B /* Build configuration list for PBXProject "ChatMe" */;
			compatibilityVersion = "Xcode 13.0";
			developmentRegion = en;
			hasScannedForEncodings = 0;
			knownRegions = (
				en,
				Base,
			);
			mainGroup = 17CC8CCB283C626C008DD17B;
			productRefGroup = 17CC8CD5283C626C008DD17B /* Products */;
			projectDirPath = "";
			projectRoot = "";
			targets = (
				17CC8CD3283C626C008DD17B /* ChatMe */,
				17CC8CE9283C626F008DD17B /* ChatMeTests */,
				17CC8CF3283C6270008DD17B /* ChatMeUITests */,
			);
		};
/* End PBXProject section */

/* Begin PBXResourcesBuildPhase section */
		17CC8CD2283C626C008DD17B /* Resources */ = {
			isa = PBXResourcesBuildPhase;
			buildActionMask = 2147483647;
			files = (
				17CC8CE4283C626F008DD17B /* LaunchScreen.storyboard in Resources */,
				17CC8CE1283C626F008DD17B /* Assets.xcassets in Resources */,
				17CC8CDF283C626C008DD17B /* Main.storyboard in Resources */,
			);
			runOnlyForDeploymentPostprocessing = 0;
		};
		17CC8CE8283C626F008DD17B /* Resources */ = {
			isa = PBXResourcesBuildPhase;
			buildActionMask = 2147483647;
			files = (
			);
			runOnlyForDeploymentPostprocessing = 0;
		};
		17CC8CF2283C6270008DD17B /* Resources */ = {
			isa = PBXResourcesBuildPhase;
			buildActionMask = 2147483647;
			files = (
			);
			runOnlyForDeploymentPostprocessing = 0;
		};
/* End PBXResourcesBuildPhase section */

/* Begin PBXSourcesBuildPhase section */
		17CC8CD0283C626C008DD17B /* Sources */ = {
			isa = PBXSourcesBuildPhase;
			buildActionMask = 2147483647;
			files = (
				17CC8CDC283C626C008DD17B /* ViewController.swift in Sources */,
				17CC8CD8283C626C008DD17B /* AppDelegate.swift in Sources */,
				17CC8CDA283C626C008DD17B /* SceneDelegate.swift in Sources */,
			);
			runOnlyForDeploymentPostprocessing = 0;
		};
		17CC8CE6283C626F008DD17B /* Sources */ = {
			isa = PBXSourcesBuildPhase;
			buildActionMask = 2147483647;
			files = (
				17CC8CEF283C626F008DD17B /* ChatMeTests.swift in Sources */,
			);
			runOnlyForDeploymentPostprocessing = 0;
		};
		17CC8CF0283C6270008DD17B /* Sources */ = {
			isa = PBXSourcesBuildPhase;
			buildActionMask = 2147483647;
			files = (
				17CC8CFB283C6270008DD17B /* ChatMeUITestsLaunchTests.swift in Sources */,
				17CC8CF9283C6270008DD17B /* ChatMeUITests.swift in Sources */,
			);
			runOnlyForDeploymentPostprocessing = 0;
		};
/* End PBXSourcesBuildPhase section */

/* Begin PBXTargetDependency section */
		17CC8CEC283C626F008DD17B /* PBXTargetDependency */ = {
			isa = PBXTargetDependency;
			target = 17CC8CD3283C626C008DD17B /* ChatMe */;
			targetProxy = 17CC8CEB283C626F008DD17B /* PBXContainerItemProxy */;
		};
		17CC8CF6283C6270008DD17B /* PBXTargetDependency */ = {
			isa = PBXTargetDependency;
			target = 17CC8CD3283C626C008DD17B /* ChatMe */;
			targetProxy = 17CC8CF5283C6270008DD17B /* PBXContainerItemProxy */;
		};
/* End PBXTargetDependency section */

/* Begin PBXVariantGroup section */
		17CC8CDD283C626C008DD17B /* Main.storyboard */ = {
			isa = PBXVariantGroup;
			children = (
				17CC8CDE283C626C008DD17B /* Base */,
			);
			name = Main.storyboard;
			sourceTree = "<group>";
		};
		17CC8CE2283C626F008DD17B /* LaunchScreen.storyboard */ = {
			isa = PBXVariantGroup;
			children = (
				17CC8CE3283C626F008DD17B /* Base */,
			);
			name = LaunchScreen.storyboard;
			sourceTree = "<group>";
		};
/* End PBXVariantGroup section */

/* Begin XCBuildConfiguration section */
		17CC8CFC283C6270008DD17B /* Debug */ = {
			isa = XCBuildConfiguration;
			buildSettings = {
				ALWAYS_SEARCH_USER_PATHS = NO;
				CLANG_ANALYZER_NONNULL = YES;
				CLANG_ANALYZER_NUMBER_OBJECT_CONVERSION = YES_AGGRESSIVE;
				CLANG_CXX_LANGUAGE_STANDARD = "gnu++17";
				CLANG_CXX_LIBRARY = "libc++";
				CLANG_ENABLE_MODULES = YES;
				CLANG_ENABLE_OBJC_ARC = YES;
				CLANG_ENABLE_OBJC_WEAK = YES;
				CLANG_WARN_BLOCK_CAPTURE_AUTORELEASING = YES;
				CLANG_WARN_BOOL_CONVERSION = YES;
				CLANG_WARN_COMMA = YES;
				CLANG_WARN_CONSTANT_CONVERSION = YES;
				CLANG_WARN_DEPRECATED_OBJC_IMPLEMENTATIONS = YES;
				CLANG_WARN_DIRECT_OBJC_ISA_USAGE = YES_ERROR;
				CLANG_WARN_DOCUMENTATION_COMMENTS = YES;
				CLANG_WARN_EMPTY_BODY = YES;
				CLANG_WARN_ENUM_CONVERSION = YES;
				CLANG_WARN_INFINITE_RECURSION = YES;
				CLANG_WARN_INT_CONVERSION = YES;
				CLANG_WARN_NON_LITERAL_NULL_CONVERSION = YES;
				CLANG_WARN_OBJC_IMPLICIT_RETAIN_SELF = YES;
				CLANG_WARN_OBJC_LITERAL_CONVERSION = YES;
				CLANG_WARN_OBJC_ROOT_CLASS = YES_ERROR;
				CLANG_WARN_QUOTED_INCLUDE_IN_FRAMEWORK_HEADER = YES;
				CLANG_WARN_RANGE_LOOP_ANALYSIS = YES;
				CLANG_WARN_STRICT_PROTOTYPES = YES;
				CLANG_WARN_SUSPICIOUS_MOVE = YES;
				CLANG_WARN_UNGUARDED_AVAILABILITY = YES_AGGRESSIVE;
				CLANG_WARN_UNREACHABLE_CODE = YES;
				CLANG_WARN__DUPLICATE_METHOD_MATCH = YES;
				COPY_PHASE_STRIP = NO;
				DEBUG_INFORMATION_FORMAT = dwarf;
				ENABLE_STRICT_OBJC_MSGSEND = YES;
				ENABLE_TESTABILITY = YES;
				GCC_C_LANGUAGE_STANDARD = gnu11;
				GCC_DYNAMIC_NO_PIC = NO;
				GCC_NO_COMMON_BLOCKS = YES;
				GCC_OPTIMIZATION_LEVEL = 0;
				GCC_PREPROCESSOR_DEFINITIONS = (
					"DEBUG=1",
					"$(inherited)",
				);
				GCC_WARN_64_TO_32_BIT_CONVERSION = YES;
				GCC_WARN_ABOUT_RETURN_TYPE = YES_ERROR;
				GCC_WARN_UNDECLARED_SELECTOR = YES;
				GCC_WARN_UNINITIALIZED_AUTOS = YES_AGGRESSIVE;
				GCC_WARN_UNUSED_FUNCTION = YES;
				GCC_WARN_UNUSED_VARIABLE = YES;
				IPHONEOS_DEPLOYMENT_TARGET = 15.2;
				MTL_ENABLE_DEBUG_INFO = INCLUDE_SOURCE;
				MTL_FAST_MATH = YES;
				ONLY_ACTIVE_ARCH = YES;
				SDKROOT = iphoneos;
				SWIFT_ACTIVE_COMPILATION_CONDITIONS = DEBUG;
				SWIFT_OPTIMIZATION_LEVEL = "-Onone";
			};
			name = Debug;
		};
		17CC8CFD283C6270008DD17B /* Release */ = {
			isa = XCBuildConfiguration;
			buildSettings = {
				ALWAYS_SEARCH_USER_PATHS = NO;
				CLANG_ANALYZER_NONNULL = YES;
				CLANG_ANALYZER_NUMBER_OBJECT_CONVERSION = YES_AGGRESSIVE;
				CLANG_CXX_LANGUAGE_STANDARD = "gnu++17";
				CLANG_CXX_LIBRARY = "libc++";
				CLANG_ENABLE_MODULES = YES;
				CLANG_ENABLE_OBJC_ARC = YES;
				CLANG_ENABLE_OBJC_WEAK = YES;
				CLANG_WARN_BLOCK_CAPTURE_AUTORELEASING = YES;
				CLANG_WARN_BOOL_CONVERSION = YES;
				CLANG_WARN_COMMA = YES;
				CLANG_WARN_CONSTANT_CONVERSION = YES;
				CLANG_WARN_DEPRECATED_OBJC_IMPLEMENTATIONS = YES;
				CLANG_WARN_DIRECT_OBJC_ISA_USAGE = YES_ERROR;
				CLANG_WARN_DOCUMENTATION_COMMENTS = YES;
				CLANG_WARN_EMPTY_BODY = YES;
				CLANG_WARN_ENUM_CONVERSION = YES;
				CLANG_WARN_INFINITE_RECURSION = YES;
				CLANG_WARN_INT_CONVERSION = YES;
				CLANG_WARN_NON_LITERAL_NULL_CONVERSION = YES;
				CLANG_WARN_OBJC_IMPLICIT_RETAIN_SELF = YES;
				CLANG_WARN_OBJC_LITERAL_CONVERSION = YES;
				CLANG_WARN_OBJC_ROOT_CLASS = YES_ERROR;
				CLANG_WARN_QUOTED_INCLUDE_IN_FRAMEWORK_HEADER = YES;
				CLANG_WARN_RANGE_LOOP_ANALYSIS = YES;
				CLANG_WARN_STRICT_PROTOTYPES = YES;
				CLANG_WARN_SUSPICIOUS_MOVE = YES;
				CLANG_WARN_UNGUARDED_AVAILABILITY = YES_AGGRESSIVE;
				CLANG_WARN_UNREACHABLE_CODE = YES;
				CLANG_WARN__DUPLICATE_METHOD_MATCH = YES;
				COPY_PHASE_STRIP = NO;
				DEBUG_INFORMATION_FORMAT = "dwarf-with-dsym";
				ENABLE_NS_ASSERTIONS = NO;
				ENABLE_STRICT_OBJC_MSGSEND = YES;
				GCC_C_LANGUAGE_STANDARD = gnu11;
				GCC_NO_COMMON_BLOCKS = YES;
				GCC_WARN_64_TO_32_BIT_CONVERSION = YES;
				GCC_WARN_ABOUT_RETURN_TYPE = YES_ERROR;
				GCC_WARN_UNDECLARED_SELECTOR = YES;
				GCC_WARN_UNINITIALIZED_AUTOS = YES_AGGRESSIVE;
				GCC_WARN_UNUSED_FUNCTION = YES;
				GCC_WARN_UNUSED_VARIABLE = YES;
				IPHONEOS_DEPLOYMENT_TARGET = 15.2;
				MTL_ENABLE_DEBUG_INFO = NO;
				MTL_FAST_MATH = YES;
				SDKROOT = iphoneos;
				SWIFT_COMPILATION_MODE = wholemodule;
				SWIFT_OPTIMIZATION_LEVEL = "-O";
				VALIDATE_PRODUCT = YES;
			};
			name = Release;
		};
		17CC8CFF283C6270008DD17B /* Debug */ = {
			isa = XCBuildConfiguration;
			buildSettings = {
				ASSETCATALOG_COMPILER_APPICON_NAME = AppIcon;
				ASSETCATALOG_COMPILER_GLOBAL_ACCENT_COLOR_NAME = AccentColor;
				CODE_SIGN_STYLE = Automatic;
				CURRENT_PROJECT_VERSION = 1;
				GENERATE_INFOPLIST_FILE = YES;
				INFOPLIST_FILE = ChatMe/Info.plist;
				INFOPLIST_KEY_UIApplicationSupportsIndirectInputEvents = YES;
				INFOPLIST_KEY_UILaunchStoryboardName = LaunchScreen;
				INFOPLIST_KEY_UIMainStoryboardFile = Main;
				INFOPLIST_KEY_UISupportedInterfaceOrientations_iPad = "UIInterfaceOrientationPortrait UIInterfaceOrientationPortraitUpsideDown UIInterfaceOrientationLandscapeLeft UIInterfaceOrientationLandscapeRight";
				INFOPLIST_KEY_UISupportedInterfaceOrientations_iPhone = "UIInterfaceOrientationPortrait UIInterfaceOrientationLandscapeLeft UIInterfaceOrientationLandscapeRight";
				LD_RUNPATH_SEARCH_PATHS = (
					"$(inherited)",
					"@executable_path/Frameworks",
				);
				MARKETING_VERSION = 1.0;
				PRODUCT_BUNDLE_IDENTIFIER = com.vc.www.ChatMe;
				PRODUCT_NAME = "$(TARGET_NAME)";
				SWIFT_EMIT_LOC_STRINGS = YES;
				SWIFT_VERSION = 5.0;
				TARGETED_DEVICE_FAMILY = "1,2";
			};
			name = Debug;
		};
		17CC8D00283C6270008DD17B /* Release */ = {
			isa = XCBuildConfiguration;
			buildSettings = {
				ASSETCATALOG_COMPILER_APPICON_NAME = AppIcon;
				ASSETCATALOG_COMPILER_GLOBAL_ACCENT_COLOR_NAME = AccentColor;
				CODE_SIGN_STYLE = Automatic;
				CURRENT_PROJECT_VERSION = 1;
				GENERATE_INFOPLIST_FILE = YES;
				INFOPLIST_FILE = ChatMe/Info.plist;
				INFOPLIST_KEY_UIApplicationSupportsIndirectInputEvents = YES;
				INFOPLIST_KEY_UILaunchStoryboardName = LaunchScreen;
				INFOPLIST_KEY_UIMainStoryboardFile = Main;
				INFOPLIST_KEY_UISupportedInterfaceOrientations_iPad = "UIInterfaceOrientationPortrait UIInterfaceOrientationPortraitUpsideDown UIInterfaceOrientationLandscapeLeft UIInterfaceOrientationLandscapeRight";
				INFOPLIST_KEY_UISupportedInterfaceOrientations_iPhone = "UIInterfaceOrientationPortrait UIInterfaceOrientationLandscapeLeft UIInterfaceOrientationLandscapeRight";
				LD_RUNPATH_SEARCH_PATHS = (
					"$(inherited)",
					"@executable_path/Frameworks",
				);
				MARKETING_VERSION = 1.0;
				PRODUCT_BUNDLE_IDENTIFIER = com.vc.www.ChatMe;
				PRODUCT_NAME = "$(TARGET_NAME)";
				SWIFT_EMIT_LOC_STRINGS = YES;
				SWIFT_VERSION = 5.0;
				TARGETED_DEVICE_FAMILY = "1,2";
			};
			name = Release;
		};
		17CC8D02283C6270008DD17B /* Debug */ = {
			isa = XCBuildConfiguration;
			buildSettings = {
				ALWAYS_EMBED_SWIFT_STANDARD_LIBRARIES = YES;
				BUNDLE_LOADER = "$(TEST_HOST)";
				CODE_SIGN_STYLE = Automatic;
				CURRENT_PROJECT_VERSION = 1;
				GENERATE_INFOPLIST_FILE = YES;
				IPHONEOS_DEPLOYMENT_TARGET = 15.2;
				MARKETING_VERSION = 1.0;
				PRODUCT_BUNDLE_IDENTIFIER = com.vc.www.ChatMeTests;
				PRODUCT_NAME = "$(TARGET_NAME)";
				SWIFT_EMIT_LOC_STRINGS = NO;
				SWIFT_VERSION = 5.0;
				TARGETED_DEVICE_FAMILY = "1,2";
				TEST_HOST = "$(BUILT_PRODUCTS_DIR)/ChatMe.app/ChatMe";
			};
			name = Debug;
		};
		17CC8D03283C6270008DD17B /* Release */ = {
			isa = XCBuildConfiguration;
			buildSettings = {
				ALWAYS_EMBED_SWIFT_STANDARD_LIBRARIES = YES;
				BUNDLE_LOADER = "$(TEST_HOST)";
				CODE_SIGN_STYLE = Automatic;
				CURRENT_PROJECT_VERSION = 1;
				GENERATE_INFOPLIST_FILE = YES;
				IPHONEOS_DEPLOYMENT_TARGET = 15.2;
				MARKETING_VERSION = 1.0;
				PRODUCT_BUNDLE_IDENTIFIER = com.vc.www.ChatMeTests;
				PRODUCT_NAME = "$(TARGET_NAME)";
				SWIFT_EMIT_LOC_STRINGS = NO;
				SWIFT_VERSION = 5.0;
				TARGETED_DEVICE_FAMILY = "1,2";
				TEST_HOST = "$(BUILT_PRODUCTS_DIR)/ChatMe.app/ChatMe";
			};
			name = Release;
		};
		17CC8D05283C6270008DD17B /* Debug */ = {
			isa = XCBuildConfiguration;
			buildSettings = {
				ALWAYS_EMBED_SWIFT_STANDARD_LIBRARIES = YES;
				CODE_SIGN_STYLE = Automatic;
				CURRENT_PROJECT_VERSION = 1;
				GENERATE_INFOPLIST_FILE = YES;
				MARKETING_VERSION = 1.0;
				PRODUCT_BUNDLE_IDENTIFIER = com.vc.www.ChatMeUITests;
				PRODUCT_NAME = "$(TARGET_NAME)";
				SWIFT_EMIT_LOC_STRINGS = NO;
				SWIFT_VERSION = 5.0;
				TARGETED_DEVICE_FAMILY = "1,2";
				TEST_TARGET_NAME = ChatMe;
			};
			name = Debug;
		};
		17CC8D06283C6270008DD17B /* Release */ = {
			isa = XCBuildConfiguration;
			buildSettings = {
				ALWAYS_EMBED_SWIFT_STANDARD_LIBRARIES = YES;
				CODE_SIGN_STYLE = Automatic;
				CURRENT_PROJECT_VERSION = 1;
				GENERATE_INFOPLIST_FILE = YES;
				MARKETING_VERSION = 1.0;
				PRODUCT_BUNDLE_IDENTIFIER = com.vc.www.ChatMeUITests;
				PRODUCT_NAME = "$(TARGET_NAME)";
				SWIFT_EMIT_LOC_STRINGS = NO;
				SWIFT_VERSION = 5.0;
				TARGETED_DEVICE_FAMILY = "1,2";
				TEST_TARGET_NAME = ChatMe;
			};
			name = Release;
		};
/* End XCBuildConfiguration section */

/* Begin XCConfigurationList section */
		17CC8CCF283C626C008DD17B /* Build configuration list for PBXProject "ChatMe" */ = {
			isa = XCConfigurationList;
			buildConfigurations = (
				17CC8CFC283C6270008DD17B /* Debug */,
				17CC8CFD283C6270008DD17B /* Release */,
			);
			defaultConfigurationIsVisible = 0;
			defaultConfigurationName = Release;
		};
		17CC8CFE283C6270008DD17B /* Build configuration list for PBXNativeTarget "ChatMe" */ = {
			isa = XCConfigurationList;
			buildConfigurations = (
				17CC8CFF283C6270008DD17B /* Debug */,
				17CC8D00283C6270008DD17B /* Release */,
			);
			defaultConfigurationIsVisible = 0;
			defaultConfigurationName = Release;
		};
		17CC8D01283C6270008DD17B /* Build configuration list for PBXNativeTarget "ChatMeTests" */ = {
			isa = XCConfigurationList;
			buildConfigurations = (
				17CC8D02283C6270008DD17B /* Debug */,
				17CC8D03283C6270008DD17B /* Release */,
			);
			defaultConfigurationIsVisible = 0;
			defaultConfigurationName = Release;
		};
		17CC8D04283C6270008DD17B /* Build configuration list for PBXNativeTarget "ChatMeUITests" */ = {
			isa = XCConfigurationList;
			buildConfigurations = (
				17CC8D05283C6270008DD17B /* Debug */,
				17CC8D06283C6270008DD17B /* Release */,
			);
			defaultConfigurationIsVisible = 0;
			defaultConfigurationName = Release;
		};
/* End XCConfigurationList section */
	};
	rootObject = 17CC8CCC283C626C008DD17B /* Project object */;
}
